
Microsoft Visual Studio Solution File, Format Version 12.00
# Visual Studio Version 16
VisualStudioVersion = 16.0.29613.14
MinimumVisualStudioVersion = 10.0.40219.1
Project("{FAE04EC0-301F-11D3-BF4B-00C04F79EFBC}") = "FourTwenty.Xamarin.ColorPickerView", "FourTwenty.Xamarin.ColorPickerView\FourTwenty.Xamarin.ColorPickerView.csproj", "{1AC6184B-0CD8-4400-A561-F1B9B5D1D5B7}"
EndProject
Project("{FAE04EC0-301F-11D3-BF4B-00C04F79EFBC}") = "FourTwenty.Xamarin.ColorPickerView.Sample", "FourTwenty.Xamarin.ColorPickerView.Sample\FourTwenty.Xamarin.ColorPickerView.Sample.csproj", "{7B4B8D6C-6203-4FE6-B149-D2327155BE38}"
EndProject
Global
	GlobalSection(SolutionConfigurationPlatforms) = preSolution
		Debug|Any CPU = Debug|Any CPU
		Release|Any CPU = Release|Any CPU
	EndGlobalSection
	GlobalSection(ProjectConfigurationPlatforms) = postSolution
		{1AC6184B-0CD8-4400-A561-F1B9B5D1D5B7}.Debug|Any CPU.ActiveCfg = Debug|Any CPU
		{1AC6184B-0CD8-4400-A561-F1B9B5D1D5B7}.Debug|Any CPU.Build.0 = Debug|Any CPU
		{1AC6184B-0CD8-4400-A561-F1B9B5D1D5B7}.Release|Any CPU.ActiveCfg = Release|Any CPU
		{1AC6184B-0CD8-4400-A561-F1B9B5D1D5B7}.Release|Any CPU.Build.0 = Release|Any CPU
		{7B4B8D6C-6203-4FE6-B149-D2327155BE38}.Debug|Any CPU.ActiveCfg = Debug|Any CPU
		{7B4B8D6C-6203-4FE6-B149-D2327155BE38}.Debug|Any CPU.Build.0 = Debug|Any CPU
		{7B4B8D6C-6203-4FE6-B149-D2327155BE38}.Debug|Any CPU.Deploy.0 = Debug|Any CPU
		{7B4B8D6C-6203-4FE6-B149-D2327155BE38}.Release|Any CPU.ActiveCfg = Release|Any CPU
		{7B4B8D6C-6203-4FE6-B149-D2327155BE38}.Release|Any CPU.Build.0 = Release|Any CPU
		{7B4B8D6C-6203-4FE6-B149-D2327155BE38}.Release|Any CPU.Deploy.0 = Release|Any CPU
	EndGlobalSection
	GlobalSection(SolutionProperties) = preSolution
		HideSolutionNode = FALSE
	EndGlobalSection
	GlobalSection(ExtensibilityGlobals) = postSolution
		SolutionGuid = {813A3292-7E69-49A3-A1F7-1764A05F412D}
	EndGlobalSection
EndGlobal
